
Microsoft Visual Studio Solution File, Format Version 12.00
# Visual Studio 15
VisualStudioVersion = 15.0.28307.168
MinimumVisualStudioVersion = 10.0.40219.1
Project("{FAE04EC0-301F-11D3-BF4B-00C04F79EFBC}") = "WindowsFormsApp22", "WindowsFormsApp22\WindowsFormsApp22.csproj", "{EA47C49E-6346-4135-AF6A-50E7757B2231}"
EndProject
Global
	GlobalSection(SolutionConfigurationPlatforms) = preSolution
		Debug|Any CPU = Debug|Any CPU
		Release|Any CPU = Release|Any CPU
	EndGlobalSection
	GlobalSection(ProjectConfigurationPlatforms) = postSolution
		{EA47C49E-6346-4135-AF6A-50E7757B2231}.Debug|Any CPU.ActiveCfg = Debug|Any CPU
		{EA47C49E-6346-4135-AF6A-50E7757B2231}.Debug|Any CPU.Build.0 = Debug|Any CPU
		{EA47C49E-6346-4135-AF6A-50E7757B2231}.Release|Any CPU.ActiveCfg = Release|Any CPU
		{EA47C49E-6346-4135-AF6A-50E7757B2231}.Release|Any CPU.Build.0 = Release|Any CPU
	EndGlobalSection
	GlobalSection(SolutionProperties) = preSolution
		HideSolutionNode = FALSE
	EndGlobalSection
	GlobalSection(ExtensibilityGlobals) = postSolution
		SolutionGuid = {4055D2DE-DA89-4942-8D83-26FE4E328CD1}
	EndGlobalSection
EndGlobal
